
Microsoft Visual Studio Solution File, Format Version 12.00
# Visual Studio Version 17
VisualStudioVersion = 17.14.36603.0
MinimumVisualStudioVersion = 10.0.40219.1
Project("{FAE04EC0-301F-11D3-BF4B-00C04F79EFBC}") = "HospitalSystem", "HospitalSystem\HospitalSystem.csproj", "{09D727AB-D251-46A1-A4F0-CA1B526C8A94}"
EndProject
Project("{2150E333-8FDC-42A3-9474-1A3956D46DE8}") = "Core", "Core", "{02EA681E-C7D8-13C7-8484-4AC65E1B71E8}"
EndProject
Project("{FAE04EC0-301F-11D3-BF4B-00C04F79EFBC}") = "Service", "Core\Service\Service.csproj", "{761A3A11-06F6-4EB0-85A6-984E15191ABE}"
EndProject
Project("{FAE04EC0-301F-11D3-BF4B-00C04F79EFBC}") = "ServiceAbstraction", "Core\ServiceAbstraction\ServiceAbstraction.csproj", "{FF00959E-4A20-448C-953D-D195CC11A3A8}"
EndProject
Project("{2150E333-8FDC-42A3-9474-1A3956D46DE8}") = "Infrastructure", "Infrastructure", "{BE559E7B-8575-4313-8A48-5736DC7E2D3C}"
EndProject
Project("{FAE04EC0-301F-11D3-BF4B-00C04F79EFBC}") = "Persistence", "Infrastructure\Persistence\Persistence.csproj", "{E37FF783-835A-4B80-87DD-F794E6884CDA}"
EndProject
Project("{FAE04EC0-301F-11D3-BF4B-00C04F79EFBC}") = "Shared", "Shared\Shared.csproj", "{42B8A3BE-9E57-4224-9BE3-DB69552CA927}"
EndProject
Project("{FAE04EC0-301F-11D3-BF4B-00C04F79EFBC}") = "DomainLayer", "Core\DomainLayer\DomainLayer.csproj", "{29DED91C-179A-4B84-8E0A-D01C419AE144}"
EndProject
Global
	GlobalSection(SolutionConfigurationPlatforms) = preSolution
		Debug|Any CPU = Debug|Any CPU
		Release|Any CPU = Release|Any CPU
	EndGlobalSection
	GlobalSection(ProjectConfigurationPlatforms) = postSolution
		{09D727AB-D251-46A1-A4F0-CA1B526C8A94}.Debug|Any CPU.ActiveCfg = Debug|Any CPU
		{09D727AB-D251-46A1-A4F0-CA1B526C8A94}.Debug|Any CPU.Build.0 = Debug|Any CPU
		{09D727AB-D251-46A1-A4F0-CA1B526C8A94}.Release|Any CPU.ActiveCfg = Release|Any CPU
		{09D727AB-D251-46A1-A4F0-CA1B526C8A94}.Release|Any CPU.Build.0 = Release|Any CPU
		{761A3A11-06F6-4EB0-85A6-984E15191ABE}.Debug|Any CPU.ActiveCfg = Debug|Any CPU
		{761A3A11-06F6-4EB0-85A6-984E15191ABE}.Debug|Any CPU.Build.0 = Debug|Any CPU
		{761A3A11-06F6-4EB0-85A6-984E15191ABE}.Release|Any CPU.ActiveCfg = Release|Any CPU
		{761A3A11-06F6-4EB0-85A6-984E15191ABE}.Release|Any CPU.Build.0 = Release|Any CPU
		{FF00959E-4A20-448C-953D-D195CC11A3A8}.Debug|Any CPU.ActiveCfg = Debug|Any CPU
		{FF00959E-4A20-448C-953D-D195CC11A3A8}.Debug|Any CPU.Build.0 = Debug|Any CPU
		{FF00959E-4A20-448C-953D-D195CC11A3A8}.Release|Any CPU.ActiveCfg = Release|Any CPU
		{FF00959E-4A20-448C-953D-D195CC11A3A8}.Release|Any CPU.Build.0 = Release|Any CPU
		{E37FF783-835A-4B80-87DD-F794E6884CDA}.Debug|Any CPU.ActiveCfg = Debug|Any CPU
		{E37FF783-835A-4B80-87DD-F794E6884CDA}.Debug|Any CPU.Build.0 = Debug|Any CPU
		{E37FF783-835A-4B80-87DD-F794E6884CDA}.Release|Any CPU.ActiveCfg = Release|Any CPU
		{E37FF783-835A-4B80-87DD-F794E6884CDA}.Release|Any CPU.Build.0 = Release|Any CPU
		{42B8A3BE-9E57-4224-9BE3-DB69552CA927}.Debug|Any CPU.ActiveCfg = Debug|Any CPU
		{42B8A3BE-9E57-4224-9BE3-DB69552CA927}.Debug|Any CPU.Build.0 = Debug|Any CPU
		{42B8A3BE-9E57-4224-9BE3-DB69552CA927}.Release|Any CPU.ActiveCfg = Release|Any CPU
		{42B8A3BE-9E57-4224-9BE3-DB69552CA927}.Release|Any CPU.Build.0 = Release|Any CPU
		{29DED91C-179A-4B84-8E0A-D01C419AE144}.Debug|Any CPU.ActiveCfg = Debug|Any CPU
		{29DED91C-179A-4B84-8E0A-D01C419AE144}.Debug|Any CPU.Build.0 = Debug|Any CPU
		{29DED91C-179A-4B84-8E0A-D01C419AE144}.Release|Any CPU.ActiveCfg = Release|Any CPU
		{29DED91C-179A-4B84-8E0A-D01C419AE144}.Release|Any CPU.Build.0 = Release|Any CPU
	EndGlobalSection
	GlobalSection(SolutionProperties) = preSolution
		HideSolutionNode = FALSE
	EndGlobalSection
	GlobalSection(NestedProjects) = preSolution
		{761A3A11-06F6-4EB0-85A6-984E15191ABE} = {02EA681E-C7D8-13C7-8484-4AC65E1B71E8}
		{FF00959E-4A20-448C-953D-D195CC11A3A8} = {02EA681E-C7D8-13C7-8484-4AC65E1B71E8}
		{E37FF783-835A-4B80-87DD-F794E6884CDA} = {BE559E7B-8575-4313-8A48-5736DC7E2D3C}
		{29DED91C-179A-4B84-8E0A-D01C419AE144} = {02EA681E-C7D8-13C7-8484-4AC65E1B71E8}
	EndGlobalSection
	GlobalSection(ExtensibilityGlobals) = postSolution
		SolutionGuid = {55892940-B7DB-4A1F-985C-0AA740D512FD}
	EndGlobalSection
EndGlobal
